
Microsoft Visual Studio Solution File, Format Version 12.00
# Visual Studio Version 17
VisualStudioVersion = 17.8.34525.116
MinimumVisualStudioVersion = 10.0.40219.1
Project("{FAE04EC0-301F-11D3-BF4B-00C04F79EFBC}") = "LEAD_OLAP_DESINGER", "LEAD_OLAP_DESINGER\LEAD_OLAP_DESINGER.csproj", "{03AEF663-A041-4AF1-8049-0ED0D5423605}"
EndProject
Global
	GlobalSection(SolutionConfigurationPlatforms) = preSolution
		Debug|Any CPU = Debug|Any CPU
		Release|Any CPU = Release|Any CPU
	EndGlobalSection
	GlobalSection(ProjectConfigurationPlatforms) = postSolution
		{03AEF663-A041-4AF1-8049-0ED0D5423605}.Debug|Any CPU.ActiveCfg = Debug|Any CPU
		{03AEF663-A041-4AF1-8049-0ED0D5423605}.Debug|Any CPU.Build.0 = Debug|Any CPU
		{03AEF663-A041-4AF1-8049-0ED0D5423605}.Release|Any CPU.ActiveCfg = Release|Any CPU
		{03AEF663-A041-4AF1-8049-0ED0D5423605}.Release|Any CPU.Build.0 = Release|Any CPU
	EndGlobalSection
	GlobalSection(SolutionProperties) = preSolution
		HideSolutionNode = FALSE
	EndGlobalSection
	GlobalSection(ExtensibilityGlobals) = postSolution
		SolutionGuid = {6133AAF2-B6D9-471F-A70E-2B48803E0B2C}
	EndGlobalSection
EndGlobal
